// !$*UTF8*$!
{
	archiveVersion = 1;
	classes = {
	};
	objectVersion = 56;
	objects = {

/* Begin PBXBuildFile section */
		AD68B98C2A7E303A008D71BE /* AppDelegate.swift in Sources */ = {isa = PBXBuildFile; fileRef = AD68B98B2A7E303A008D71BE /* AppDelegate.swift */; };
		AD68B98E2A7E303A008D71BE /* GameScene.sks in Resources */ = {isa = PBXBuildFile; fileRef = AD68B98D2A7E303A008D71BE /* GameScene.sks */; };
		AD68B9922A7E303A008D71BE /* GameScene.swift in Sources */ = {isa = PBXBuildFile; fileRef = AD68B9912A7E303A008D71BE /* GameScene.swift */; };
		AD68B9942A7E303A008D71BE /* GameViewController.swift in Sources */ = {isa = PBXBuildFile; fileRef = AD68B9932A7E303A008D71BE /* GameViewController.swift */; };
		AD68B9972A7E303A008D71BE /* Main.storyboard in Resources */ = {isa = PBXBuildFile; fileRef = AD68B9952A7E303A008D71BE /* Main.storyboard */; };
		AD68B9992A7E303B008D71BE /* Assets.xcassets in Resources */ = {isa = PBXBuildFile; fileRef = AD68B9982A7E303B008D71BE /* Assets.xcassets */; };
		AD68B99C2A7E303B008D71BE /* LaunchScreen.storyboard in Resources */ = {isa = PBXBuildFile; fileRef = AD68B99A2A7E303B008D71BE /* LaunchScreen.storyboard */; };
		AD68B9C82A7E30EC008D71BE /* fear_moan.wav in Resources */ = {isa = PBXBuildFile; fileRef = AD68B9C32A7E30EC008D71BE /* fear_moan.wav */; };
		AD68B9C92A7E30EC008D71BE /* fear_win.mp3 in Resources */ = {isa = PBXBuildFile; fileRef = AD68B9C42A7E30EC008D71BE /* fear_win.mp3 */; };
		AD68B9CA2A7E30EC008D71BE /* fear_wall.mp3 in Resources */ = {isa = PBXBuildFile; fileRef = AD68B9C52A7E30EC008D71BE /* fear_wall.mp3 */; };
		AD68B9CB2A7E30EC008D71BE /* fear_bg.mp3 in Resources */ = {isa = PBXBuildFile; fileRef = AD68B9C62A7E30EC008D71BE /* fear_bg.mp3 */; };
		AD68B9CC2A7E30EC008D71BE /* fear_lose.mp3 in Resources */ = {isa = PBXBuildFile; fileRef = AD68B9C72A7E30EC008D71BE /* fear_lose.mp3 */; };
		AD68B9D12A7F940C008D71BE /* MenuScene.swift in Sources */ = {isa = PBXBuildFile; fileRef = AD68B9D02A7F940C008D71BE /* MenuScene.swift */; };
		AD68B9D32A8159BE008D71BE /* Wall.sks in Resources */ = {isa = PBXBuildFile; fileRef = AD68B9D22A8159BE008D71BE /* Wall.sks */; };
		AD68B9D52A815B15008D71BE /* Room.sks in Resources */ = {isa = PBXBuildFile; fileRef = AD68B9D42A815B15008D71BE /* Room.sks */; };
/* End PBXBuildFile section */

/* Begin PBXFileReference section */
		AD68B9882A7E303A008D71BE /* The Escape.app */ = {isa = PBXFileReference; explicitFileType = wrapper.application; includeInIndex = 0; path = "The Escape.app"; sourceTree = BUILT_PRODUCTS_DIR; };
		AD68B98B2A7E303A008D71BE /* AppDelegate.swift */ = {isa = PBXFileReference; lastKnownFileType = sourcecode.swift; path = AppDelegate.swift; sourceTree = "<group>"; };
		AD68B98D2A7E303A008D71BE /* GameScene.sks */ = {isa = PBXFileReference; lastKnownFileType = file.sks; path = GameScene.sks; sourceTree = "<group>"; };
		AD68B9912A7E303A008D71BE /* GameScene.swift */ = {isa = PBXFileReference; lastKnownFileType = sourcecode.swift; path = GameScene.swift; sourceTree = "<group>"; };
		AD68B9932A7E303A008D71BE /* GameViewController.swift */ = {isa = PBXFileReference; lastKnownFileType = sourcecode.swift; path = GameViewController.swift; sourceTree = "<group>"; };
		AD68B9962A7E303A008D71BE /* Base */ = {isa = PBXFileReference; lastKnownFileType = file.storyboard; name = Base; path = Base.lproj/Main.storyboard; sourceTree = "<group>"; };
		AD68B9982A7E303B008D71BE /* Assets.xcassets */ = {isa = PBXFileReference; lastKnownFileType = folder.assetcatalog; path = Assets.xcassets; sourceTree = "<group>"; };
		AD68B99B2A7E303B008D71BE /* Base */ = {isa = PBXFileReference; lastKnownFileType = file.storyboard; name = Base; path = Base.lproj/LaunchScreen.storyboard; sourceTree = "<group>"; };
		AD68B9C32A7E30EC008D71BE /* fear_moan.wav */ = {isa = PBXFileReference; lastKnownFileType = audio.wav; path = fear_moan.wav; sourceTree = "<group>"; };
		AD68B9C42A7E30EC008D71BE /* fear_win.mp3 */ = {isa = PBXFileReference; lastKnownFileType = audio.mp3; path = fear_win.mp3; sourceTree = "<group>"; };
		AD68B9C52A7E30EC008D71BE /* fear_wall.mp3 */ = {isa = PBXFileReference; lastKnownFileType = audio.mp3; path = fear_wall.mp3; sourceTree = "<group>"; };
		AD68B9C62A7E30EC008D71BE /* fear_bg.mp3 */ = {isa = PBXFileReference; lastKnownFileType = audio.mp3; path = fear_bg.mp3; sourceTree = "<group>"; };
		AD68B9C72A7E30EC008D71BE /* fear_lose.mp3 */ = {isa = PBXFileReference; lastKnownFileType = audio.mp3; path = fear_lose.mp3; sourceTree = "<group>"; };
		AD68B9D02A7F940C008D71BE /* MenuScene.swift */ = {isa = PBXFileReference; lastKnownFileType = sourcecode.swift; path = MenuScene.swift; sourceTree = "<group>"; };
		AD68B9D22A8159BE008D71BE /* Wall.sks */ = {isa = PBXFileReference; lastKnownFileType = file.sks; path = Wall.sks; sourceTree = "<group>"; };
		AD68B9D42A815B15008D71BE /* Room.sks */ = {isa = PBXFileReference; lastKnownFileType = file.sks; path = Room.sks; sourceTree = "<group>"; };
/* End PBXFileReference section */

/* Begin PBXFrameworksBuildPhase section */
		AD68B9852A7E303A008D71BE /* Frameworks */ = {
			isa = PBXFrameworksBuildPhase;
			buildActionMask = 2147483647;
			files = (
			);
			runOnlyForDeploymentPostprocessing = 0;
		};
/* End PBXFrameworksBuildPhase section */

/* Begin PBXGroup section */
		AD68B97F2A7E303A008D71BE = {
			isa = PBXGroup;
			children = (
				AD68B98A2A7E303A008D71BE /* The Escape */,
				AD68B9892A7E303A008D71BE /* Products */,
			);
			sourceTree = "<group>";
		};
		AD68B9892A7E303A008D71BE /* Products */ = {
			isa = PBXGroup;
			children = (
				AD68B9882A7E303A008D71BE /* The Escape.app */,
			);
			name = Products;
			sourceTree = "<group>";
		};
		AD68B98A2A7E303A008D71BE /* The Escape */ = {
			isa = PBXGroup;
			children = (
				AD68B98B2A7E303A008D71BE /* AppDelegate.swift */,
				AD68B98D2A7E303A008D71BE /* GameScene.sks */,
				AD68B9D22A8159BE008D71BE /* Wall.sks */,
				AD68B9D42A815B15008D71BE /* Room.sks */,
				AD68B9912A7E303A008D71BE /* GameScene.swift */,
				AD68B9D02A7F940C008D71BE /* MenuScene.swift */,
				AD68B9932A7E303A008D71BE /* GameViewController.swift */,
				AD68B9CF2A7F91BC008D71BE /* Storyboards */,
				AD68B9CE2A7F91AC008D71BE /* Assets */,
			);
			path = "The Escape";
			sourceTree = "<group>";
		};
		AD68B9CD2A7E30F3008D71BE /* Sounds */ = {
			isa = PBXGroup;
			children = (
				AD68B9C62A7E30EC008D71BE /* fear_bg.mp3 */,
				AD68B9C72A7E30EC008D71BE /* fear_lose.mp3 */,
				AD68B9C32A7E30EC008D71BE /* fear_moan.wav */,
				AD68B9C52A7E30EC008D71BE /* fear_wall.mp3 */,
				AD68B9C42A7E30EC008D71BE /* fear_win.mp3 */,
			);
			path = Sounds;
			sourceTree = "<group>";
		};
		AD68B9CE2A7F91AC008D71BE /* Assets */ = {
			isa = PBXGroup;
			children = (
				AD68B9982A7E303B008D71BE /* Assets.xcassets */,
				AD68B9CD2A7E30F3008D71BE /* Sounds */,
			);
			path = Assets;
			sourceTree = "<group>";
		};
		AD68B9CF2A7F91BC008D71BE /* Storyboards */ = {
			isa = PBXGroup;
			children = (
				AD68B9952A7E303A008D71BE /* Main.storyboard */,
				AD68B99A2A7E303B008D71BE /* LaunchScreen.storyboard */,
			);
			path = Storyboards;
			sourceTree = "<group>";
		};
/* End PBXGroup section */

/* Begin PBXNativeTarget section */
		AD68B9872A7E303A008D71BE /* The Escape */ = {
			isa = PBXNativeTarget;
			buildConfigurationList = AD68B99F2A7E303B008D71BE /* Build configuration list for PBXNativeTarget "The Escape" */;
			buildPhases = (
				AD68B9842A7E303A008D71BE /* Sources */,
				AD68B9852A7E303A008D71BE /* Frameworks */,
				AD68B9862A7E303A008D71BE /* Resources */,
			);
			buildRules = (
			);
			dependencies = (
			);
			name = "The Escape";
			productName = "The Escape";
			productReference = AD68B9882A7E303A008D71BE /* The Escape.app */;
			productType = "com.apple.product-type.application";
		};
/* End PBXNativeTarget section */

/* Begin PBXProject section */
		AD68B9802A7E303A008D71BE /* Project object */ = {
			isa = PBXProject;
			attributes = {
				BuildIndependentTargetsInParallel = 1;
				LastSwiftUpdateCheck = 1430;
				LastUpgradeCheck = 1430;
				TargetAttributes = {
					AD68B9872A7E303A008D71BE = {
						CreatedOnToolsVersion = 14.3.1;
					};
				};
			};
			buildConfigurationList = AD68B9832A7E303A008D71BE /* Build configuration list for PBXProject "The Escape" */;
			compatibilityVersion = "Xcode 14.0";
			developmentRegion = en;
			hasScannedForEncodings = 0;
			knownRegions = (
				en,
				Base,
			);
			mainGroup = AD68B97F2A7E303A008D71BE;
			productRefGroup = AD68B9892A7E303A008D71BE /* Products */;
			projectDirPath = "";
			projectRoot = "";
			targets = (
				AD68B9872A7E303A008D71BE /* The Escape */,
			);
		};
/* End PBXProject section */

/* Begin PBXResourcesBuildPhase section */
		AD68B9862A7E303A008D71BE /* Resources */ = {
			isa = PBXResourcesBuildPhase;
			buildActionMask = 2147483647;
			files = (
				AD68B9CA2A7E30EC008D71BE /* fear_wall.mp3 in Resources */,
				AD68B9972A7E303A008D71BE /* Main.storyboard in Resources */,
				AD68B9C82A7E30EC008D71BE /* fear_moan.wav in Resources */,
				AD68B9D52A815B15008D71BE /* Room.sks in Resources */,
				AD68B9D32A8159BE008D71BE /* Wall.sks in Resources */,
				AD68B9CC2A7E30EC008D71BE /* fear_lose.mp3 in Resources */,
				AD68B9CB2A7E30EC008D71BE /* fear_bg.mp3 in Resources */,
				AD68B98E2A7E303A008D71BE /* GameScene.sks in Resources */,
				AD68B9C92A7E30EC008D71BE /* fear_win.mp3 in Resources */,
				AD68B9992A7E303B008D71BE /* Assets.xcassets in Resources */,
				AD68B99C2A7E303B008D71BE /* LaunchScreen.storyboard in Resources */,
			);
			runOnlyForDeploymentPostprocessing = 0;
		};
/* End PBXResourcesBuildPhase section */

/* Begin PBXSourcesBuildPhase section */
		AD68B9842A7E303A008D71BE /* Sources */ = {
			isa = PBXSourcesBuildPhase;
			buildActionMask = 2147483647;
			files = (
				AD68B9922A7E303A008D71BE /* GameScene.swift in Sources */,
				AD68B9D12A7F940C008D71BE /* MenuScene.swift in Sources */,
				AD68B9942A7E303A008D71BE /* GameViewController.swift in Sources */,
				AD68B98C2A7E303A008D71BE /* AppDelegate.swift in Sources */,
			);
			runOnlyForDeploymentPostprocessing = 0;
		};
/* End PBXSourcesBuildPhase section */

/* Begin PBXVariantGroup section */
		AD68B9952A7E303A008D71BE /* Main.storyboard */ = {
			isa = PBXVariantGroup;
			children = (
				AD68B9962A7E303A008D71BE /* Base */,
			);
			name = Main.storyboard;
			sourceTree = "<group>";
		};
		AD68B99A2A7E303B008D71BE /* LaunchScreen.storyboard */ = {
			isa = PBXVariantGroup;
			children = (
				AD68B99B2A7E303B008D71BE /* Base */,
			);
			name = LaunchScreen.storyboard;
			sourceTree = "<group>";
		};
/* End PBXVariantGroup section */

/* Begin XCBuildConfiguration section */
		AD68B99D2A7E303B008D71BE /* Debug */ = {
			isa = XCBuildConfiguration;
			buildSettings = {
				ALWAYS_SEARCH_USER_PATHS = NO;
				CLANG_ANALYZER_NONNULL = YES;
				CLANG_ANALYZER_NUMBER_OBJECT_CONVERSION = YES_AGGRESSIVE;
				CLANG_CXX_LANGUAGE_STANDARD = "gnu++20";
				CLANG_ENABLE_MODULES = YES;
				CLANG_ENABLE_OBJC_ARC = YES;
				CLANG_ENABLE_OBJC_WEAK = YES;
				CLANG_WARN_BLOCK_CAPTURE_AUTORELEASING = YES;
				CLANG_WARN_BOOL_CONVERSION = YES;
				CLANG_WARN_COMMA = YES;
				CLANG_WARN_CONSTANT_CONVERSION = YES;
				CLANG_WARN_DEPRECATED_OBJC_IMPLEMENTATIONS = YES;
				CLANG_WARN_DIRECT_OBJC_ISA_USAGE = YES_ERROR;
				CLANG_WARN_DOCUMENTATION_COMMENTS = YES;
				CLANG_WARN_EMPTY_BODY = YES;
				CLANG_WARN_ENUM_CONVERSION = YES;
				CLANG_WARN_INFINITE_RECURSION = YES;
				CLANG_WARN_INT_CONVERSION = YES;
				CLANG_WARN_NON_LITERAL_NULL_CONVERSION = YES;
				CLANG_WARN_OBJC_IMPLICIT_RETAIN_SELF = YES;
				CLANG_WARN_OBJC_LITERAL_CONVERSION = YES;
				CLANG_WARN_OBJC_ROOT_CLASS = YES_ERROR;
				CLANG_WARN_QUOTED_INCLUDE_IN_FRAMEWORK_HEADER = YES;
				CLANG_WARN_RANGE_LOOP_ANALYSIS = YES;
				CLANG_WARN_STRICT_PROTOTYPES = YES;
				CLANG_WARN_SUSPICIOUS_MOVE = YES;
				CLANG_WARN_UNGUARDED_AVAILABILITY = YES_AGGRESSIVE;
				CLANG_WARN_UNREACHABLE_CODE = YES;
				CLANG_WARN__DUPLICATE_METHOD_MATCH = YES;
				COPY_PHASE_STRIP = NO;
				DEBUG_INFORMATION_FORMAT = dwarf;
				ENABLE_STRICT_OBJC_MSGSEND = YES;
				ENABLE_TESTABILITY = YES;
				GCC_C_LANGUAGE_STANDARD = gnu11;
				GCC_DYNAMIC_NO_PIC = NO;
				GCC_NO_COMMON_BLOCKS = YES;
				GCC_OPTIMIZATION_LEVEL = 0;
				GCC_PREPROCESSOR_DEFINITIONS = (
					"DEBUG=1",
					"$(inherited)",
				);
				GCC_WARN_64_TO_32_BIT_CONVERSION = YES;
				GCC_WARN_ABOUT_RETURN_TYPE = YES_ERROR;
				GCC_WARN_UNDECLARED_SELECTOR = YES;
				GCC_WARN_UNINITIALIZED_AUTOS = YES_AGGRESSIVE;
				GCC_WARN_UNUSED_FUNCTION = YES;
				GCC_WARN_UNUSED_VARIABLE = YES;
				IPHONEOS_DEPLOYMENT_TARGET = 16.4;
				MTL_ENABLE_DEBUG_INFO = INCLUDE_SOURCE;
				MTL_FAST_MATH = YES;
				ONLY_ACTIVE_ARCH = YES;
				SDKROOT = iphoneos;
				SWIFT_ACTIVE_COMPILATION_CONDITIONS = DEBUG;
				SWIFT_OPTIMIZATION_LEVEL = "-Onone";
			};
			name = Debug;
		};
		AD68B99E2A7E303B008D71BE /* Release */ = {
			isa = XCBuildConfiguration;
			buildSettings = {
				ALWAYS_SEARCH_USER_PATHS = NO;
				CLANG_ANALYZER_NONNULL = YES;
				CLANG_ANALYZER_NUMBER_OBJECT_CONVERSION = YES_AGGRESSIVE;
				CLANG_CXX_LANGUAGE_STANDARD = "gnu++20";
				CLANG_ENABLE_MODULES = YES;
				CLANG_ENABLE_OBJC_ARC = YES;
				CLANG_ENABLE_OBJC_WEAK = YES;
				CLANG_WARN_BLOCK_CAPTURE_AUTORELEASING = YES;
				CLANG_WARN_BOOL_CONVERSION = YES;
				CLANG_WARN_COMMA = YES;
				CLANG_WARN_CONSTANT_CONVERSION = YES;
				CLANG_WARN_DEPRECATED_OBJC_IMPLEMENTATIONS = YES;
				CLANG_WARN_DIRECT_OBJC_ISA_USAGE = YES_ERROR;
				CLANG_WARN_DOCUMENTATION_COMMENTS = YES;
				CLANG_WARN_EMPTY_BODY = YES;
				CLANG_WARN_ENUM_CONVERSION = YES;
				CLANG_WARN_INFINITE_RECURSION = YES;
				CLANG_WARN_INT_CONVERSION = YES;
				CLANG_WARN_NON_LITERAL_NULL_CONVERSION = YES;
				CLANG_WARN_OBJC_IMPLICIT_RETAIN_SELF = YES;
				CLANG_WARN_OBJC_LITERAL_CONVERSION = YES;
				CLANG_WARN_OBJC_ROOT_CLASS = YES_ERROR;
				CLANG_WARN_QUOTED_INCLUDE_IN_FRAMEWORK_HEADER = YES;
				CLANG_WARN_RANGE_LOOP_ANALYSIS = YES;
				CLANG_WARN_STRICT_PROTOTYPES = YES;
				CLANG_WARN_SUSPICIOUS_MOVE = YES;
				CLANG_WARN_UNGUARDED_AVAILABILITY = YES_AGGRESSIVE;
				CLANG_WARN_UNREACHABLE_CODE = YES;
				CLANG_WARN__DUPLICATE_METHOD_MATCH = YES;
				COPY_PHASE_STRIP = NO;
				DEBUG_INFORMATION_FORMAT = "dwarf-with-dsym";
				ENABLE_NS_ASSERTIONS = NO;
				ENABLE_STRICT_OBJC_MSGSEND = YES;
				GCC_C_LANGUAGE_STANDARD = gnu11;
				GCC_NO_COMMON_BLOCKS = YES;
				GCC_WARN_64_TO_32_BIT_CONVERSION = YES;
				GCC_WARN_ABOUT_RETURN_TYPE = YES_ERROR;
				GCC_WARN_UNDECLARED_SELECTOR = YES;
				GCC_WARN_UNINITIALIZED_AUTOS = YES_AGGRESSIVE;
				GCC_WARN_UNUSED_FUNCTION = YES;
				GCC_WARN_UNUSED_VARIABLE = YES;
				IPHONEOS_DEPLOYMENT_TARGET = 16.4;
				MTL_ENABLE_DEBUG_INFO = NO;
				MTL_FAST_MATH = YES;
				SDKROOT = iphoneos;
				SWIFT_COMPILATION_MODE = wholemodule;
				SWIFT_OPTIMIZATION_LEVEL = "-O";
				VALIDATE_PRODUCT = YES;
			};
			name = Release;
		};
		AD68B9A02A7E303B008D71BE /* Debug */ = {
			isa = XCBuildConfiguration;
			buildSettings = {
				ASSETCATALOG_COMPILER_APPICON_NAME = AppIcon;
				ASSETCATALOG_COMPILER_GLOBAL_ACCENT_COLOR_NAME = AccentColor;
				CODE_SIGN_STYLE = Automatic;
				CURRENT_PROJECT_VERSION = 1;
				DEVELOPMENT_TEAM = CKY7SLNY4G;
				GENERATE_INFOPLIST_FILE = YES;
				INFOPLIST_KEY_UIApplicationSupportsIndirectInputEvents = YES;
				INFOPLIST_KEY_UILaunchStoryboardName = LaunchScreen;
				INFOPLIST_KEY_UIMainStoryboardFile = Main;
				INFOPLIST_KEY_UIStatusBarHidden = YES;
				INFOPLIST_KEY_UISupportedInterfaceOrientations_iPad = "UIInterfaceOrientationPortrait UIInterfaceOrientationPortraitUpsideDown UIInterfaceOrientationLandscapeLeft UIInterfaceOrientationLandscapeRight";
				INFOPLIST_KEY_UISupportedInterfaceOrientations_iPhone = "UIInterfaceOrientationPortrait UIInterfaceOrientationLandscapeLeft UIInterfaceOrientationLandscapeRight";
				IPHONEOS_DEPLOYMENT_TARGET = 15.0;
				LD_RUNPATH_SEARCH_PATHS = (
					"$(inherited)",
					"@executable_path/Frameworks",
				);
				MARKETING_VERSION = 1.0;
				PRODUCT_BUNDLE_IDENTIFIER = "lantsov.The-Escape";
				PRODUCT_NAME = "$(TARGET_NAME)";
				SUPPORTED_PLATFORMS = "iphoneos iphonesimulator";
				SUPPORTS_MACCATALYST = NO;
				SUPPORTS_MAC_DESIGNED_FOR_IPHONE_IPAD = NO;
				SWIFT_EMIT_LOC_STRINGS = YES;
				SWIFT_VERSION = 5.0;
				TARGETED_DEVICE_FAMILY = "1,2";
			};
			name = Debug;
		};
		AD68B9A12A7E303B008D71BE /* Release */ = {
			isa = XCBuildConfiguration;
			buildSettings = {
				ASSETCATALOG_COMPILER_APPICON_NAME = AppIcon;
				ASSETCATALOG_COMPILER_GLOBAL_ACCENT_COLOR_NAME = AccentColor;
				CODE_SIGN_STYLE = Automatic;
				CURRENT_PROJECT_VERSION = 1;
				DEVELOPMENT_TEAM = CKY7SLNY4G;
				GENERATE_INFOPLIST_FILE = YES;
				INFOPLIST_KEY_UIApplicationSupportsIndirectInputEvents = YES;
				INFOPLIST_KEY_UILaunchStoryboardName = LaunchScreen;
				INFOPLIST_KEY_UIMainStoryboardFile = Main;
				INFOPLIST_KEY_UIStatusBarHidden = YES;
				INFOPLIST_KEY_UISupportedInterfaceOrientations_iPad = "UIInterfaceOrientationPortrait UIInterfaceOrientationPortraitUpsideDown UIInterfaceOrientationLandscapeLeft UIInterfaceOrientationLandscapeRight";
				INFOPLIST_KEY_UISupportedInterfaceOrientations_iPhone = "UIInterfaceOrientationPortrait UIInterfaceOrientationLandscapeLeft UIInterfaceOrientationLandscapeRight";
				IPHONEOS_DEPLOYMENT_TARGET = 15.0;
				LD_RUNPATH_SEARCH_PATHS = (
					"$(inherited)",
					"@executable_path/Frameworks",
				);
				MARKETING_VERSION = 1.0;
				PRODUCT_BUNDLE_IDENTIFIER = "lantsov.The-Escape";
				PRODUCT_NAME = "$(TARGET_NAME)";
				SUPPORTED_PLATFORMS = "iphoneos iphonesimulator";
				SUPPORTS_MACCATALYST = NO;
				SUPPORTS_MAC_DESIGNED_FOR_IPHONE_IPAD = NO;
				SWIFT_EMIT_LOC_STRINGS = YES;
				SWIFT_VERSION = 5.0;
				TARGETED_DEVICE_FAMILY = "1,2";
			};
			name = Release;
		};
/* End XCBuildConfiguration section */

/* Begin XCConfigurationList section */
		AD68B9832A7E303A008D71BE /* Build configuration list for PBXProject "The Escape" */ = {
			isa = XCConfigurationList;
			buildConfigurations = (
				AD68B99D2A7E303B008D71BE /* Debug */,
				AD68B99E2A7E303B008D71BE /* Release */,
			);
			defaultConfigurationIsVisible = 0;
			defaultConfigurationName = Release;
		};
		AD68B99F2A7E303B008D71BE /* Build configuration list for PBXNativeTarget "The Escape" */ = {
			isa = XCConfigurationList;
			buildConfigurations = (
				AD68B9A02A7E303B008D71BE /* Debug */,
				AD68B9A12A7E303B008D71BE /* Release */,
			);
			defaultConfigurationIsVisible = 0;
			defaultConfigurationName = Release;
		};
/* End XCConfigurationList section */
	};
	rootObject = AD68B9802A7E303A008D71BE /* Project object */;
}
